
Microsoft Visual Studio Solution File, Format Version 12.00
# Visual Studio Version 16
VisualStudioVersion = 16.0.30804.86
MinimumVisualStudioVersion = 10.0.40219.1
Project("{FAE04EC0-301F-11D3-BF4B-00C04F79EFBC}") = "gitrelease", "gitrelease\gitrelease.csproj", "{B9CEC904-C5F0-4FE6-A531-1D94E9640A50}"
EndProject
Project("{2150E333-8FDC-42A3-9474-1A3956D46DE8}") = "Solution Items", "Solution Items", "{F4178211-0254-444B-BE51-947B13C2E3B2}"
	ProjectSection(SolutionItems) = preProject
		.github\workflows\dotnet-desktop.yml = .github\workflows\dotnet-desktop.yml
	EndProjectSection
EndProject
Global
	GlobalSection(SolutionConfigurationPlatforms) = preSolution
		Debug|Any CPU = Debug|Any CPU
		Release|Any CPU = Release|Any CPU
	EndGlobalSection
	GlobalSection(ProjectConfigurationPlatforms) = postSolution
		{B9CEC904-C5F0-4FE6-A531-1D94E9640A50}.Debug|Any CPU.ActiveCfg = Debug|Any CPU
		{B9CEC904-C5F0-4FE6-A531-1D94E9640A50}.Debug|Any CPU.Build.0 = Debug|Any CPU
		{B9CEC904-C5F0-4FE6-A531-1D94E9640A50}.Release|Any CPU.ActiveCfg = Release|Any CPU
		{B9CEC904-C5F0-4FE6-A531-1D94E9640A50}.Release|Any CPU.Build.0 = Release|Any CPU
	EndGlobalSection
	GlobalSection(SolutionProperties) = preSolution
		HideSolutionNode = FALSE
	EndGlobalSection
	GlobalSection(ExtensibilityGlobals) = postSolution
		SolutionGuid = {4C4501CD-C8BE-47AF-8D4D-EA67A129EF44}
	EndGlobalSection
EndGlobal
